
Microsoft Visual Studio Solution File, Format Version 12.00
# Visual Studio Version 17
VisualStudioVersion = 17.14.36511.14 d17.14
MinimumVisualStudioVersion = 10.0.40219.1
Project("{FAE04EC0-301F-11D3-BF4B-00C04F79EFBC}") = "JonDou9000.TaskPlanner.Domain.Logic", "JonDou9000.TaskPlanner.Domain.Logic\JonDou9000.TaskPlanner.Domain.Logic.csproj", "{1144553B-C149-441E-83BB-3051FD8F0D4F}"
EndProject
Global
	GlobalSection(SolutionConfigurationPlatforms) = preSolution
		Debug|Any CPU = Debug|Any CPU
		Release|Any CPU = Release|Any CPU
	EndGlobalSection
	GlobalSection(ProjectConfigurationPlatforms) = postSolution
		{1144553B-C149-441E-83BB-3051FD8F0D4F}.Debug|Any CPU.ActiveCfg = Debug|Any CPU
		{1144553B-C149-441E-83BB-3051FD8F0D4F}.Debug|Any CPU.Build.0 = Debug|Any CPU
		{1144553B-C149-441E-83BB-3051FD8F0D4F}.Release|Any CPU.ActiveCfg = Release|Any CPU
		{1144553B-C149-441E-83BB-3051FD8F0D4F}.Release|Any CPU.Build.0 = Release|Any CPU
	EndGlobalSection
	GlobalSection(SolutionProperties) = preSolution
		HideSolutionNode = FALSE
	EndGlobalSection
	GlobalSection(ExtensibilityGlobals) = postSolution
		SolutionGuid = {03FCD2BB-97C6-4B9E-A930-1FE8C4EBD253}
	EndGlobalSection
EndGlobal
